// !$*UTF8*$!
{
	archiveVersion = 1;
	classes = {
	};
	objectVersion = 56;
	objects = {

/* Begin PBXBuildFile section */
		094588DB29225C8E0092125C /* WelcomeViewController.swift in Sources */ = {isa = PBXBuildFile; fileRef = 094588DA29225C8E0092125C /* WelcomeViewController.swift */; };
		094588DD2923EB850092125C /* UITextField.swift in Sources */ = {isa = PBXBuildFile; fileRef = 094588DC2923EB850092125C /* UITextField.swift */; };
		094588E22924330A0092125C /* UILabel.swift in Sources */ = {isa = PBXBuildFile; fileRef = 094588E12924330A0092125C /* UILabel.swift */; };
		094588E4292433B10092125C /* UIButton.swift in Sources */ = {isa = PBXBuildFile; fileRef = 094588E3292433B10092125C /* UIButton.swift */; };
		09E58518292BF92C00C115BA /* GoogleService-Info.plist in Resources */ = {isa = PBXBuildFile; fileRef = 09E58517292BF92C00C115BA /* GoogleService-Info.plist */; };
		09E5851B292BFA9100C115BA /* FirebaseAnalytics in Frameworks */ = {isa = PBXBuildFile; productRef = 09E5851A292BFA9100C115BA /* FirebaseAnalytics */; };
		09E5851D292BFA9100C115BA /* FirebaseAuth in Frameworks */ = {isa = PBXBuildFile; productRef = 09E5851C292BFA9100C115BA /* FirebaseAuth */; };
		09E5851F292BFA9100C115BA /* FirebaseDatabase in Frameworks */ = {isa = PBXBuildFile; productRef = 09E5851E292BFA9100C115BA /* FirebaseDatabase */; };
		09E58521292BFA9100C115BA /* FirebaseFirestore in Frameworks */ = {isa = PBXBuildFile; productRef = 09E58520292BFA9100C115BA /* FirebaseFirestore */; };
		09E58523292BFA9100C115BA /* FirebaseStorage in Frameworks */ = {isa = PBXBuildFile; productRef = 09E58522292BFA9100C115BA /* FirebaseStorage */; };
		09E58528292C048000C115BA /* APIManager.swift in Sources */ = {isa = PBXBuildFile; fileRef = 09E58527292C048000C115BA /* APIManager.swift */; };
		09E5852A292C05E200C115BA /* Places.swift in Sources */ = {isa = PBXBuildFile; fileRef = 09E58529292C05E200C115BA /* Places.swift */; };
		09E6F39329268CF300F93B1B /* SheetViewController.swift in Sources */ = {isa = PBXBuildFile; fileRef = 09E6F39229268CF300F93B1B /* SheetViewController.swift */; };
		09FC31F6292029750080987D /* MapViewController.swift in Sources */ = {isa = PBXBuildFile; fileRef = 09FC31F5292029750080987D /* MapViewController.swift */; };
		09FC31F8292029960080987D /* FavoritesViewController.swift in Sources */ = {isa = PBXBuildFile; fileRef = 09FC31F7292029960080987D /* FavoritesViewController.swift */; };
		09FC31FA292029A10080987D /* ProfileViewController.swift in Sources */ = {isa = PBXBuildFile; fileRef = 09FC31F9292029A10080987D /* ProfileViewController.swift */; };
		4E86E75D2923AC7C00F99DEC /* UIImage.swift in Sources */ = {isa = PBXBuildFile; fileRef = 4E86E75C2923AC7C00F99DEC /* UIImage.swift */; };
		6303AD302924E487000A4D00 /* PasswordRecoveryViewController.swift in Sources */ = {isa = PBXBuildFile; fileRef = 6303AD2F2924E487000A4D00 /* PasswordRecoveryViewController.swift */; };
		636197CF29224BF90080E32C /* UIStackView.swift in Sources */ = {isa = PBXBuildFile; fileRef = 636197CE29224BF90080E32C /* UIStackView.swift */; };
		636C0ED82921421600BDC8D5 /* MapboxMaps in Frameworks */ = {isa = PBXBuildFile; productRef = 636C0ED72921421600BDC8D5 /* MapboxMaps */; };
		636C0EDB292173EE00BDC8D5 /* FavoritiesCollectionViewCell.swift in Sources */ = {isa = PBXBuildFile; fileRef = 636C0EDA292173EE00BDC8D5 /* FavoritiesCollectionViewCell.swift */; };
		639536B22923873200B15476 /* AuthorizationViewController.swift in Sources */ = {isa = PBXBuildFile; fileRef = 639536B12923873200B15476 /* AuthorizationViewController.swift */; };
		639536B4292428DF00B15476 /* RegistrationViewController.swift in Sources */ = {isa = PBXBuildFile; fileRef = 639536B3292428DF00B15476 /* RegistrationViewController.swift */; };
		63A7B1BF291FFEA8004FB023 /* AppDelegate.swift in Sources */ = {isa = PBXBuildFile; fileRef = 63A7B1BE291FFEA8004FB023 /* AppDelegate.swift */; };
		63A7B1C1291FFEA8004FB023 /* SceneDelegate.swift in Sources */ = {isa = PBXBuildFile; fileRef = 63A7B1C0291FFEA8004FB023 /* SceneDelegate.swift */; };
		63A7B1C3291FFEA8004FB023 /* MainTabBarController.swift in Sources */ = {isa = PBXBuildFile; fileRef = 63A7B1C2291FFEA8004FB023 /* MainTabBarController.swift */; };
		63A7B1C8291FFEAB004FB023 /* Assets.xcassets in Resources */ = {isa = PBXBuildFile; fileRef = 63A7B1C7291FFEAB004FB023 /* Assets.xcassets */; };
		63A7B1CB291FFEAB004FB023 /* LaunchScreen.storyboard in Resources */ = {isa = PBXBuildFile; fileRef = 63A7B1C9291FFEAB004FB023 /* LaunchScreen.storyboard */; };
/* End PBXBuildFile section */

/* Begin PBXFileReference section */
		094588DA29225C8E0092125C /* WelcomeViewController.swift */ = {isa = PBXFileReference; lastKnownFileType = sourcecode.swift; path = WelcomeViewController.swift; sourceTree = "<group>"; };
		094588DC2923EB850092125C /* UITextField.swift */ = {isa = PBXFileReference; lastKnownFileType = sourcecode.swift; path = UITextField.swift; sourceTree = "<group>"; };
		094588E12924330A0092125C /* UILabel.swift */ = {isa = PBXFileReference; lastKnownFileType = sourcecode.swift; path = UILabel.swift; sourceTree = "<group>"; };
		094588E3292433B10092125C /* UIButton.swift */ = {isa = PBXFileReference; lastKnownFileType = sourcecode.swift; path = UIButton.swift; sourceTree = "<group>"; };
		09E58517292BF92C00C115BA /* GoogleService-Info.plist */ = {isa = PBXFileReference; fileEncoding = 4; lastKnownFileType = text.plist.xml; name = "GoogleService-Info.plist"; path = "../../../../../Downloads/GoogleService-Info.plist"; sourceTree = "<group>"; };
		09E58527292C048000C115BA /* APIManager.swift */ = {isa = PBXFileReference; lastKnownFileType = sourcecode.swift; path = APIManager.swift; sourceTree = "<group>"; };
		09E58529292C05E200C115BA /* Places.swift */ = {isa = PBXFileReference; lastKnownFileType = sourcecode.swift; path = Places.swift; sourceTree = "<group>"; };
		09E6F39229268CF300F93B1B /* SheetViewController.swift */ = {isa = PBXFileReference; lastKnownFileType = sourcecode.swift; path = SheetViewController.swift; sourceTree = "<group>"; };
		09FC31F5292029750080987D /* MapViewController.swift */ = {isa = PBXFileReference; lastKnownFileType = sourcecode.swift; path = MapViewController.swift; sourceTree = "<group>"; };
		09FC31F7292029960080987D /* FavoritesViewController.swift */ = {isa = PBXFileReference; lastKnownFileType = sourcecode.swift; path = FavoritesViewController.swift; sourceTree = "<group>"; };
		09FC31F9292029A10080987D /* ProfileViewController.swift */ = {isa = PBXFileReference; lastKnownFileType = sourcecode.swift; path = ProfileViewController.swift; sourceTree = "<group>"; };
		4E86E75C2923AC7C00F99DEC /* UIImage.swift */ = {isa = PBXFileReference; fileEncoding = 4; lastKnownFileType = sourcecode.swift; path = UIImage.swift; sourceTree = "<group>"; };
		6303AD2F2924E487000A4D00 /* PasswordRecoveryViewController.swift */ = {isa = PBXFileReference; lastKnownFileType = sourcecode.swift; path = PasswordRecoveryViewController.swift; sourceTree = "<group>"; };
		636197CE29224BF90080E32C /* UIStackView.swift */ = {isa = PBXFileReference; lastKnownFileType = sourcecode.swift; path = UIStackView.swift; sourceTree = "<group>"; };
		636C0EDA292173EE00BDC8D5 /* FavoritiesCollectionViewCell.swift */ = {isa = PBXFileReference; lastKnownFileType = sourcecode.swift; path = FavoritiesCollectionViewCell.swift; sourceTree = "<group>"; };
		639536B12923873200B15476 /* AuthorizationViewController.swift */ = {isa = PBXFileReference; lastKnownFileType = sourcecode.swift; path = AuthorizationViewController.swift; sourceTree = "<group>"; };
		639536B3292428DF00B15476 /* RegistrationViewController.swift */ = {isa = PBXFileReference; lastKnownFileType = sourcecode.swift; path = RegistrationViewController.swift; sourceTree = "<group>"; };
		63A7B1BB291FFEA8004FB023 /* mapKebab.app */ = {isa = PBXFileReference; explicitFileType = wrapper.application; includeInIndex = 0; path = mapKebab.app; sourceTree = BUILT_PRODUCTS_DIR; };
		63A7B1BE291FFEA8004FB023 /* AppDelegate.swift */ = {isa = PBXFileReference; lastKnownFileType = sourcecode.swift; path = AppDelegate.swift; sourceTree = "<group>"; };
		63A7B1C0291FFEA8004FB023 /* SceneDelegate.swift */ = {isa = PBXFileReference; lastKnownFileType = sourcecode.swift; path = SceneDelegate.swift; sourceTree = "<group>"; };
		63A7B1C2291FFEA8004FB023 /* MainTabBarController.swift */ = {isa = PBXFileReference; lastKnownFileType = sourcecode.swift; path = MainTabBarController.swift; sourceTree = "<group>"; };
		63A7B1C7291FFEAB004FB023 /* Assets.xcassets */ = {isa = PBXFileReference; lastKnownFileType = folder.assetcatalog; path = Assets.xcassets; sourceTree = "<group>"; };
		63A7B1CA291FFEAB004FB023 /* Base */ = {isa = PBXFileReference; lastKnownFileType = file.storyboard; name = Base; path = Base.lproj/LaunchScreen.storyboard; sourceTree = "<group>"; };
		63A7B1CC291FFEAB004FB023 /* Info.plist */ = {isa = PBXFileReference; lastKnownFileType = text.plist.xml; path = Info.plist; sourceTree = "<group>"; };
/* End PBXFileReference section */

/* Begin PBXFrameworksBuildPhase section */
		63A7B1B8291FFEA8004FB023 /* Frameworks */ = {
			isa = PBXFrameworksBuildPhase;
			buildActionMask = 2147483647;
			files = (
				09E5851B292BFA9100C115BA /* FirebaseAnalytics in Frameworks */,
				09E5851D292BFA9100C115BA /* FirebaseAuth in Frameworks */,
				09E5851F292BFA9100C115BA /* FirebaseDatabase in Frameworks */,
				09E58521292BFA9100C115BA /* FirebaseFirestore in Frameworks */,
				636C0ED82921421600BDC8D5 /* MapboxMaps in Frameworks */,
				09E58523292BFA9100C115BA /* FirebaseStorage in Frameworks */,
			);
			runOnlyForDeploymentPostprocessing = 0;
		};
/* End PBXFrameworksBuildPhase section */

/* Begin PBXGroup section */
		09E58526292C046600C115BA /* Model */ = {
			isa = PBXGroup;
			children = (
				09E58527292C048000C115BA /* APIManager.swift */,
				09E58529292C05E200C115BA /* Places.swift */,
			);
			path = Model;
			sourceTree = "<group>";
		};
		09FC31F0292006BF0080987D /* View */ = {
			isa = PBXGroup;
			children = (
				63A7B1C2291FFEA8004FB023 /* MainTabBarController.swift */,
				09FC31F5292029750080987D /* MapViewController.swift */,
				09FC31F7292029960080987D /* FavoritesViewController.swift */,
				09FC31F9292029A10080987D /* ProfileViewController.swift */,
				094588DA29225C8E0092125C /* WelcomeViewController.swift */,
				639536B12923873200B15476 /* AuthorizationViewController.swift */,
				639536B3292428DF00B15476 /* RegistrationViewController.swift */,
				6303AD2F2924E487000A4D00 /* PasswordRecoveryViewController.swift */,
				09E6F39229268CF300F93B1B /* SheetViewController.swift */,
				636C0ED9292173C000BDC8D5 /* Cell */,
			);
			path = View;
			sourceTree = "<group>";
		};
		09FC31F1292006CD0080987D /* ViewModel */ = {
			isa = PBXGroup;
			children = (
			);
			path = ViewModel;
			sourceTree = "<group>";
		};
		09FC31F32920071A0080987D /* Application */ = {
			isa = PBXGroup;
			children = (
				63A7B1C0291FFEA8004FB023 /* SceneDelegate.swift */,
				63A7B1BE291FFEA8004FB023 /* AppDelegate.swift */,
			);
			path = Application;
			sourceTree = "<group>";
		};
		09FC31F4292007370080987D /* Resources */ = {
			isa = PBXGroup;
			children = (
				09E58517292BF92C00C115BA /* GoogleService-Info.plist */,
				63A7B1CC291FFEAB004FB023 /* Info.plist */,
				63A7B1C9291FFEAB004FB023 /* LaunchScreen.storyboard */,
				63A7B1C7291FFEAB004FB023 /* Assets.xcassets */,
			);
			path = Resources;
			sourceTree = "<group>";
		};
		636197C82922492F0080E32C /* Extension */ = {
			isa = PBXGroup;
			children = (
				636197CD29224BE80080E32C /* UIKit */,
			);
			path = Extension;
			sourceTree = "<group>";
		};
		636197CD29224BE80080E32C /* UIKit */ = {
			isa = PBXGroup;
			children = (
				4E86E75C2923AC7C00F99DEC /* UIImage.swift */,
				636197CE29224BF90080E32C /* UIStackView.swift */,
				094588DC2923EB850092125C /* UITextField.swift */,
				094588E12924330A0092125C /* UILabel.swift */,
				094588E3292433B10092125C /* UIButton.swift */,
			);
			path = UIKit;
			sourceTree = "<group>";
		};
		636C0ED9292173C000BDC8D5 /* Cell */ = {
			isa = PBXGroup;
			children = (
				636C0EDA292173EE00BDC8D5 /* FavoritiesCollectionViewCell.swift */,
			);
			path = Cell;
			sourceTree = "<group>";
		};
		63A7B1B2291FFEA8004FB023 = {
			isa = PBXGroup;
			children = (
				63A7B1BD291FFEA8004FB023 /* mapKebab */,
				63A7B1BC291FFEA8004FB023 /* Products */,
			);
			sourceTree = "<group>";
		};
		63A7B1BC291FFEA8004FB023 /* Products */ = {
			isa = PBXGroup;
			children = (
				63A7B1BB291FFEA8004FB023 /* mapKebab.app */,
			);
			name = Products;
			sourceTree = "<group>";
		};
		63A7B1BD291FFEA8004FB023 /* mapKebab */ = {
			isa = PBXGroup;
			children = (
				636197C82922492F0080E32C /* Extension */,
				09E58526292C046600C115BA /* Model */,
				09FC31F1292006CD0080987D /* ViewModel */,
				09FC31F0292006BF0080987D /* View */,
				09FC31F4292007370080987D /* Resources */,
				09FC31F32920071A0080987D /* Application */,
			);
			path = mapKebab;
			sourceTree = "<group>";
		};
/* End PBXGroup section */

/* Begin PBXNativeTarget section */
		63A7B1BA291FFEA8004FB023 /* mapKebab */ = {
			isa = PBXNativeTarget;
			buildConfigurationList = 63A7B1CF291FFEAB004FB023 /* Build configuration list for PBXNativeTarget "mapKebab" */;
			buildPhases = (
				63A7B1B7291FFEA8004FB023 /* Sources */,
				63A7B1B8291FFEA8004FB023 /* Frameworks */,
				63A7B1B9291FFEA8004FB023 /* Resources */,
			);
			buildRules = (
			);
			dependencies = (
			);
			name = mapKebab;
			packageProductDependencies = (
				636C0ED72921421600BDC8D5 /* MapboxMaps */,
				09E5851A292BFA9100C115BA /* FirebaseAnalytics */,
				09E5851C292BFA9100C115BA /* FirebaseAuth */,
				09E5851E292BFA9100C115BA /* FirebaseDatabase */,
				09E58520292BFA9100C115BA /* FirebaseFirestore */,
				09E58522292BFA9100C115BA /* FirebaseStorage */,
			);
			productName = appKebab;
			productReference = 63A7B1BB291FFEA8004FB023 /* mapKebab.app */;
			productType = "com.apple.product-type.application";
		};
/* End PBXNativeTarget section */

/* Begin PBXProject section */
		63A7B1B3291FFEA8004FB023 /* Project object */ = {
			isa = PBXProject;
			attributes = {
				BuildIndependentTargetsInParallel = 1;
				LastSwiftUpdateCheck = 1400;
				LastUpgradeCheck = 1400;
				TargetAttributes = {
					63A7B1BA291FFEA8004FB023 = {
						CreatedOnToolsVersion = 14.0.1;
					};
				};
			};
			buildConfigurationList = 63A7B1B6291FFEA8004FB023 /* Build configuration list for PBXProject "mapKebab" */;
			compatibilityVersion = "Xcode 14.0";
			developmentRegion = en;
			hasScannedForEncodings = 0;
			knownRegions = (
				en,
				Base,
			);
			mainGroup = 63A7B1B2291FFEA8004FB023;
			packageReferences = (
				636C0ED62921421600BDC8D5 /* XCRemoteSwiftPackageReference "mapbox-maps-ios" */,
				09E58519292BFA9100C115BA /* XCRemoteSwiftPackageReference "firebase-ios-sdk" */,
			);
			productRefGroup = 63A7B1BC291FFEA8004FB023 /* Products */;
			projectDirPath = "";
			projectRoot = "";
			targets = (
				63A7B1BA291FFEA8004FB023 /* mapKebab */,
			);
		};
/* End PBXProject section */

/* Begin PBXResourcesBuildPhase section */
		63A7B1B9291FFEA8004FB023 /* Resources */ = {
			isa = PBXResourcesBuildPhase;
			buildActionMask = 2147483647;
			files = (
				63A7B1CB291FFEAB004FB023 /* LaunchScreen.storyboard in Resources */,
				63A7B1C8291FFEAB004FB023 /* Assets.xcassets in Resources */,
				09E58518292BF92C00C115BA /* GoogleService-Info.plist in Resources */,
			);
			runOnlyForDeploymentPostprocessing = 0;
		};
/* End PBXResourcesBuildPhase section */

/* Begin PBXSourcesBuildPhase section */
		63A7B1B7291FFEA8004FB023 /* Sources */ = {
			isa = PBXSourcesBuildPhase;
			buildActionMask = 2147483647;
			files = (
				6303AD302924E487000A4D00 /* PasswordRecoveryViewController.swift in Sources */,
				639536B22923873200B15476 /* AuthorizationViewController.swift in Sources */,
				094588DB29225C8E0092125C /* WelcomeViewController.swift in Sources */,
				094588E22924330A0092125C /* UILabel.swift in Sources */,
				09FC31FA292029A10080987D /* ProfileViewController.swift in Sources */,
				639536B4292428DF00B15476 /* RegistrationViewController.swift in Sources */,
				094588E4292433B10092125C /* UIButton.swift in Sources */,
				63A7B1C3291FFEA8004FB023 /* MainTabBarController.swift in Sources */,
				094588DD2923EB850092125C /* UITextField.swift in Sources */,
				63A7B1BF291FFEA8004FB023 /* AppDelegate.swift in Sources */,
				09E5852A292C05E200C115BA /* Places.swift in Sources */,
				636197CF29224BF90080E32C /* UIStackView.swift in Sources */,
				09E6F39329268CF300F93B1B /* SheetViewController.swift in Sources */,
				09E58528292C048000C115BA /* APIManager.swift in Sources */,
				63A7B1C1291FFEA8004FB023 /* SceneDelegate.swift in Sources */,
				636C0EDB292173EE00BDC8D5 /* FavoritiesCollectionViewCell.swift in Sources */,
				4E86E75D2923AC7C00F99DEC /* UIImage.swift in Sources */,
				09FC31F8292029960080987D /* FavoritesViewController.swift in Sources */,
				09FC31F6292029750080987D /* MapViewController.swift in Sources */,
			);
			runOnlyForDeploymentPostprocessing = 0;
		};
/* End PBXSourcesBuildPhase section */

/* Begin PBXVariantGroup section */
		63A7B1C9291FFEAB004FB023 /* LaunchScreen.storyboard */ = {
			isa = PBXVariantGroup;
			children = (
				63A7B1CA291FFEAB004FB023 /* Base */,
			);
			name = LaunchScreen.storyboard;
			sourceTree = "<group>";
		};
/* End PBXVariantGroup section */

/* Begin XCBuildConfiguration section */
		63A7B1CD291FFEAB004FB023 /* Debug */ = {
			isa = XCBuildConfiguration;
			buildSettings = {
				ALWAYS_SEARCH_USER_PATHS = NO;
				CLANG_ANALYZER_NONNULL = YES;
				CLANG_ANALYZER_NUMBER_OBJECT_CONVERSION = YES_AGGRESSIVE;
				CLANG_CXX_LANGUAGE_STANDARD = "gnu++20";
				CLANG_ENABLE_MODULES = YES;
				CLANG_ENABLE_OBJC_ARC = YES;
				CLANG_ENABLE_OBJC_WEAK = YES;
				CLANG_WARN_BLOCK_CAPTURE_AUTORELEASING = YES;
				CLANG_WARN_BOOL_CONVERSION = YES;
				CLANG_WARN_COMMA = YES;
				CLANG_WARN_CONSTANT_CONVERSION = YES;
				CLANG_WARN_DEPRECATED_OBJC_IMPLEMENTATIONS = YES;
				CLANG_WARN_DIRECT_OBJC_ISA_USAGE = YES_ERROR;
				CLANG_WARN_DOCUMENTATION_COMMENTS = YES;
				CLANG_WARN_EMPTY_BODY = YES;
				CLANG_WARN_ENUM_CONVERSION = YES;
				CLANG_WARN_INFINITE_RECURSION = YES;
				CLANG_WARN_INT_CONVERSION = YES;
				CLANG_WARN_NON_LITERAL_NULL_CONVERSION = YES;
				CLANG_WARN_OBJC_IMPLICIT_RETAIN_SELF = YES;
				CLANG_WARN_OBJC_LITERAL_CONVERSION = YES;
				CLANG_WARN_OBJC_ROOT_CLASS = YES_ERROR;
				CLANG_WARN_QUOTED_INCLUDE_IN_FRAMEWORK_HEADER = YES;
				CLANG_WARN_RANGE_LOOP_ANALYSIS = YES;
				CLANG_WARN_STRICT_PROTOTYPES = YES;
				CLANG_WARN_SUSPICIOUS_MOVE = YES;
				CLANG_WARN_UNGUARDED_AVAILABILITY = YES_AGGRESSIVE;
				CLANG_WARN_UNREACHABLE_CODE = YES;
				CLANG_WARN__DUPLICATE_METHOD_MATCH = YES;
				COPY_PHASE_STRIP = NO;
				DEBUG_INFORMATION_FORMAT = dwarf;
				ENABLE_STRICT_OBJC_MSGSEND = YES;
				ENABLE_TESTABILITY = YES;
				GCC_C_LANGUAGE_STANDARD = gnu11;
				GCC_DYNAMIC_NO_PIC = NO;
				GCC_NO_COMMON_BLOCKS = YES;
				GCC_OPTIMIZATION_LEVEL = 0;
				GCC_PREPROCESSOR_DEFINITIONS = (
					"DEBUG=1",
					"$(inherited)",
				);
				GCC_WARN_64_TO_32_BIT_CONVERSION = YES;
				GCC_WARN_ABOUT_RETURN_TYPE = YES_ERROR;
				GCC_WARN_UNDECLARED_SELECTOR = YES;
				GCC_WARN_UNINITIALIZED_AUTOS = YES_AGGRESSIVE;
				GCC_WARN_UNUSED_FUNCTION = YES;
				GCC_WARN_UNUSED_VARIABLE = YES;
				IPHONEOS_DEPLOYMENT_TARGET = 16.0;
				MTL_ENABLE_DEBUG_INFO = INCLUDE_SOURCE;
				MTL_FAST_MATH = YES;
				ONLY_ACTIVE_ARCH = YES;
				SDKROOT = iphoneos;
				SWIFT_ACTIVE_COMPILATION_CONDITIONS = DEBUG;
				SWIFT_OPTIMIZATION_LEVEL = "-Onone";
			};
			name = Debug;
		};
		63A7B1CE291FFEAB004FB023 /* Release */ = {
			isa = XCBuildConfiguration;
			buildSettings = {
				ALWAYS_SEARCH_USER_PATHS = NO;
				CLANG_ANALYZER_NONNULL = YES;
				CLANG_ANALYZER_NUMBER_OBJECT_CONVERSION = YES_AGGRESSIVE;
				CLANG_CXX_LANGUAGE_STANDARD = "gnu++20";
				CLANG_ENABLE_MODULES = YES;
				CLANG_ENABLE_OBJC_ARC = YES;
				CLANG_ENABLE_OBJC_WEAK = YES;
				CLANG_WARN_BLOCK_CAPTURE_AUTORELEASING = YES;
				CLANG_WARN_BOOL_CONVERSION = YES;
				CLANG_WARN_COMMA = YES;
				CLANG_WARN_CONSTANT_CONVERSION = YES;
				CLANG_WARN_DEPRECATED_OBJC_IMPLEMENTATIONS = YES;
				CLANG_WARN_DIRECT_OBJC_ISA_USAGE = YES_ERROR;
				CLANG_WARN_DOCUMENTATION_COMMENTS = YES;
				CLANG_WARN_EMPTY_BODY = YES;
				CLANG_WARN_ENUM_CONVERSION = YES;
				CLANG_WARN_INFINITE_RECURSION = YES;
				CLANG_WARN_INT_CONVERSION = YES;
				CLANG_WARN_NON_LITERAL_NULL_CONVERSION = YES;
				CLANG_WARN_OBJC_IMPLICIT_RETAIN_SELF = YES;
				CLANG_WARN_OBJC_LITERAL_CONVERSION = YES;
				CLANG_WARN_OBJC_ROOT_CLASS = YES_ERROR;
				CLANG_WARN_QUOTED_INCLUDE_IN_FRAMEWORK_HEADER = YES;
				CLANG_WARN_RANGE_LOOP_ANALYSIS = YES;
				CLANG_WARN_STRICT_PROTOTYPES = YES;
				CLANG_WARN_SUSPICIOUS_MOVE = YES;
				CLANG_WARN_UNGUARDED_AVAILABILITY = YES_AGGRESSIVE;
				CLANG_WARN_UNREACHABLE_CODE = YES;
				CLANG_WARN__DUPLICATE_METHOD_MATCH = YES;
				COPY_PHASE_STRIP = NO;
				DEBUG_INFORMATION_FORMAT = "dwarf-with-dsym";
				ENABLE_NS_ASSERTIONS = NO;
				ENABLE_STRICT_OBJC_MSGSEND = YES;
				GCC_C_LANGUAGE_STANDARD = gnu11;
				GCC_NO_COMMON_BLOCKS = YES;
				GCC_WARN_64_TO_32_BIT_CONVERSION = YES;
				GCC_WARN_ABOUT_RETURN_TYPE = YES_ERROR;
				GCC_WARN_UNDECLARED_SELECTOR = YES;
				GCC_WARN_UNINITIALIZED_AUTOS = YES_AGGRESSIVE;
				GCC_WARN_UNUSED_FUNCTION = YES;
				GCC_WARN_UNUSED_VARIABLE = YES;
				IPHONEOS_DEPLOYMENT_TARGET = 16.0;
				MTL_ENABLE_DEBUG_INFO = NO;
				MTL_FAST_MATH = YES;
				SDKROOT = iphoneos;
				SWIFT_COMPILATION_MODE = wholemodule;
				SWIFT_OPTIMIZATION_LEVEL = "-O";
				VALIDATE_PRODUCT = YES;
			};
			name = Release;
		};
		63A7B1D0291FFEAB004FB023 /* Debug */ = {
			isa = XCBuildConfiguration;
			buildSettings = {
				ASSETCATALOG_COMPILER_APPICON_NAME = AppIcon;
				ASSETCATALOG_COMPILER_GLOBAL_ACCENT_COLOR_NAME = AccentColor;
				CODE_SIGN_STYLE = Automatic;
				CURRENT_PROJECT_VERSION = 1;
				DEVELOPMENT_TEAM = "";
				GENERATE_INFOPLIST_FILE = YES;
				INFOPLIST_FILE = mapKebab/Resources/Info.plist;
				INFOPLIST_KEY_UIApplicationSupportsIndirectInputEvents = YES;
				INFOPLIST_KEY_UILaunchStoryboardName = LaunchScreen;
				INFOPLIST_KEY_UISupportedInterfaceOrientations_iPad = "UIInterfaceOrientationPortrait UIInterfaceOrientationPortraitUpsideDown UIInterfaceOrientationLandscapeLeft UIInterfaceOrientationLandscapeRight";
				INFOPLIST_KEY_UISupportedInterfaceOrientations_iPhone = "UIInterfaceOrientationPortrait UIInterfaceOrientationLandscapeLeft UIInterfaceOrientationLandscapeRight";
				LD_RUNPATH_SEARCH_PATHS = (
					"$(inherited)",
					"@executable_path/Frameworks",
				);
				MARKETING_VERSION = 1.0;
				PRODUCT_BUNDLE_IDENTIFIER = MaximShishlov.appKebab;
				PRODUCT_NAME = "$(TARGET_NAME)";
				SWIFT_EMIT_LOC_STRINGS = YES;
				SWIFT_VERSION = 5.0;
				TARGETED_DEVICE_FAMILY = "1,2";
			};
			name = Debug;
		};
		63A7B1D1291FFEAB004FB023 /* Release */ = {
			isa = XCBuildConfiguration;
			buildSettings = {
				ASSETCATALOG_COMPILER_APPICON_NAME = AppIcon;
				ASSETCATALOG_COMPILER_GLOBAL_ACCENT_COLOR_NAME = AccentColor;
				CODE_SIGN_STYLE = Automatic;
				CURRENT_PROJECT_VERSION = 1;
				DEVELOPMENT_TEAM = CTY44DYVYJ;
				GENERATE_INFOPLIST_FILE = YES;
				INFOPLIST_FILE = mapKebab/Resources/Info.plist;
				INFOPLIST_KEY_UIApplicationSupportsIndirectInputEvents = YES;
				INFOPLIST_KEY_UILaunchStoryboardName = LaunchScreen;
				INFOPLIST_KEY_UISupportedInterfaceOrientations_iPad = "UIInterfaceOrientationPortrait UIInterfaceOrientationPortraitUpsideDown UIInterfaceOrientationLandscapeLeft UIInterfaceOrientationLandscapeRight";
				INFOPLIST_KEY_UISupportedInterfaceOrientations_iPhone = "UIInterfaceOrientationPortrait UIInterfaceOrientationLandscapeLeft UIInterfaceOrientationLandscapeRight";
				LD_RUNPATH_SEARCH_PATHS = (
					"$(inherited)",
					"@executable_path/Frameworks",
				);
				MARKETING_VERSION = 1.0;
				PRODUCT_BUNDLE_IDENTIFIER = MaximShishlov.appKebab;
				PRODUCT_NAME = "$(TARGET_NAME)";
				SWIFT_EMIT_LOC_STRINGS = YES;
				SWIFT_VERSION = 5.0;
				TARGETED_DEVICE_FAMILY = "1,2";
			};
			name = Release;
		};
/* End XCBuildConfiguration section */

/* Begin XCConfigurationList section */
		63A7B1B6291FFEA8004FB023 /* Build configuration list for PBXProject "mapKebab" */ = {
			isa = XCConfigurationList;
			buildConfigurations = (
				63A7B1CD291FFEAB004FB023 /* Debug */,
				63A7B1CE291FFEAB004FB023 /* Release */,
			);
			defaultConfigurationIsVisible = 0;
			defaultConfigurationName = Release;
		};
		63A7B1CF291FFEAB004FB023 /* Build configuration list for PBXNativeTarget "mapKebab" */ = {
			isa = XCConfigurationList;
			buildConfigurations = (
				63A7B1D0291FFEAB004FB023 /* Debug */,
				63A7B1D1291FFEAB004FB023 /* Release */,
			);
			defaultConfigurationIsVisible = 0;
			defaultConfigurationName = Release;
		};
/* End XCConfigurationList section */

/* Begin XCRemoteSwiftPackageReference section */
		09E58519292BFA9100C115BA /* XCRemoteSwiftPackageReference "firebase-ios-sdk" */ = {
			isa = XCRemoteSwiftPackageReference;
			repositoryURL = "https://github.com/firebase/firebase-ios-sdk";
			requirement = {
				kind = upToNextMajorVersion;
				minimumVersion = 9.0.0;
			};
		};
		636C0ED62921421600BDC8D5 /* XCRemoteSwiftPackageReference "mapbox-maps-ios" */ = {
			isa = XCRemoteSwiftPackageReference;
			repositoryURL = "https://github.com/mapbox/mapbox-maps-ios.git";
			requirement = {
				kind = upToNextMajorVersion;
				minimumVersion = 10.0.0;
			};
		};
/* End XCRemoteSwiftPackageReference section */

/* Begin XCSwiftPackageProductDependency section */
		09E5851A292BFA9100C115BA /* FirebaseAnalytics */ = {
			isa = XCSwiftPackageProductDependency;
			package = 09E58519292BFA9100C115BA /* XCRemoteSwiftPackageReference "firebase-ios-sdk" */;
			productName = FirebaseAnalytics;
		};
		09E5851C292BFA9100C115BA /* FirebaseAuth */ = {
			isa = XCSwiftPackageProductDependency;
			package = 09E58519292BFA9100C115BA /* XCRemoteSwiftPackageReference "firebase-ios-sdk" */;
			productName = FirebaseAuth;
		};
		09E5851E292BFA9100C115BA /* FirebaseDatabase */ = {
			isa = XCSwiftPackageProductDependency;
			package = 09E58519292BFA9100C115BA /* XCRemoteSwiftPackageReference "firebase-ios-sdk" */;
			productName = FirebaseDatabase;
		};
		09E58520292BFA9100C115BA /* FirebaseFirestore */ = {
			isa = XCSwiftPackageProductDependency;
			package = 09E58519292BFA9100C115BA /* XCRemoteSwiftPackageReference "firebase-ios-sdk" */;
			productName = FirebaseFirestore;
		};
		09E58522292BFA9100C115BA /* FirebaseStorage */ = {
			isa = XCSwiftPackageProductDependency;
			package = 09E58519292BFA9100C115BA /* XCRemoteSwiftPackageReference "firebase-ios-sdk" */;
			productName = FirebaseStorage;
		};
		636C0ED72921421600BDC8D5 /* MapboxMaps */ = {
			isa = XCSwiftPackageProductDependency;
			package = 636C0ED62921421600BDC8D5 /* XCRemoteSwiftPackageReference "mapbox-maps-ios" */;
			productName = MapboxMaps;
		};
/* End XCSwiftPackageProductDependency section */
	};
	rootObject = 63A7B1B3291FFEA8004FB023 /* Project object */;
}
